
Microsoft Visual Studio Solution File, Format Version 12.00
# Visual Studio 15
VisualStudioVersion = 15.0.28307.438
MinimumVisualStudioVersion = 10.0.40219.1
Project("{FAE04EC0-301F-11D3-BF4B-00C04F79EFBC}") = "WebApplication1", "WebApplication1\WebApplication1.csproj", "{96386F7C-A3C4-4DB4-AC67-EF5B9B220381}"
EndProject
Global
	GlobalSection(SolutionConfigurationPlatforms) = preSolution
		Debug|Any CPU = Debug|Any CPU
		Release|Any CPU = Release|Any CPU
	EndGlobalSection
	GlobalSection(ProjectConfigurationPlatforms) = postSolution
		{96386F7C-A3C4-4DB4-AC67-EF5B9B220381}.Debug|Any CPU.ActiveCfg = Debug|Any CPU
		{96386F7C-A3C4-4DB4-AC67-EF5B9B220381}.Debug|Any CPU.Build.0 = Debug|Any CPU
		{96386F7C-A3C4-4DB4-AC67-EF5B9B220381}.Release|Any CPU.ActiveCfg = Release|Any CPU
		{96386F7C-A3C4-4DB4-AC67-EF5B9B220381}.Release|Any CPU.Build.0 = Release|Any CPU
	EndGlobalSection
	GlobalSection(SolutionProperties) = preSolution
		HideSolutionNode = FALSE
	EndGlobalSection
	GlobalSection(ExtensibilityGlobals) = postSolution
		SolutionGuid = {14D3BB41-6D69-4B4C-9DEE-D7F389A23188}
	EndGlobalSection
EndGlobal
